
Microsoft Visual Studio Solution File, Format Version 12.00
# Visual Studio 2013
VisualStudioVersion = 12.0.31101.0
MinimumVisualStudioVersion = 10.0.40219.1
Project("{D954291E-2A0B-460D-934E-DC6B0785DB48}") = "NFCFormsSample", "NFCFormsSample\NFCFormsSample\NFCFormsSample.shproj", "{2F6A0A9F-7785-4D62-A80A-47C199159698}"
EndProject
Project("{FAE04EC0-301F-11D3-BF4B-00C04F79EFBC}") = "NFCFormsSample.WinPhone", "NFCFormsSample\NFCFormsSample.WinPhone\NFCFormsSample.WinPhone.csproj", "{3D4C0D2E-9D04-4AF7-AB90-189CE0D0FB26}"
EndProject
Project("{FAE04EC0-301F-11D3-BF4B-00C04F79EFBC}") = "NFCFormsSample.Droid", "NFCFormsSample\NFCFormsSample.Droid\NFCFormsSample.Droid.csproj", "{2035E989-18C7-45E3-BBE1-BBC5F6B74675}"
EndProject
Global
	GlobalSection(SharedMSBuildProjectFiles) = preSolution
		NFCFormsSample\NFCFormsSample\NFCFormsSample.projitems*{2035e989-18c7-45e3-bbe1-bbc5f6b74675}*SharedItemsImports = 4
		NFCFormsSample\NFCFormsSample\NFCFormsSample.projitems*{3d4c0d2e-9d04-4af7-ab90-189ce0d0fb26}*SharedItemsImports = 4
		NFCFormsSample\NFCFormsSample\NFCFormsSample.projitems*{2f6a0a9f-7785-4d62-a80a-47c199159698}*SharedItemsImports = 13
	EndGlobalSection
	GlobalSection(SolutionConfigurationPlatforms) = preSolution
		Ad-Hoc|Any CPU = Ad-Hoc|Any CPU
		Ad-Hoc|ARM = Ad-Hoc|ARM
		Ad-Hoc|iPhone = Ad-Hoc|iPhone
		Ad-Hoc|iPhoneSimulator = Ad-Hoc|iPhoneSimulator
		Ad-Hoc|Mixed Platforms = Ad-Hoc|Mixed Platforms
		Ad-Hoc|x86 = Ad-Hoc|x86
		AppStore|Any CPU = AppStore|Any CPU
		AppStore|ARM = AppStore|ARM
		AppStore|iPhone = AppStore|iPhone
		AppStore|iPhoneSimulator = AppStore|iPhoneSimulator
		AppStore|Mixed Platforms = AppStore|Mixed Platforms
		AppStore|x86 = AppStore|x86
		Debug|Any CPU = Debug|Any CPU
		Debug|ARM = Debug|ARM
		Debug|iPhone = Debug|iPhone
		Debug|iPhoneSimulator = Debug|iPhoneSimulator
		Debug|Mixed Platforms = Debug|Mixed Platforms
		Debug|x86 = Debug|x86
		Release|Any CPU = Release|Any CPU
		Release|ARM = Release|ARM
		Release|iPhone = Release|iPhone
		Release|iPhoneSimulator = Release|iPhoneSimulator
		Release|Mixed Platforms = Release|Mixed Platforms
		Release|x86 = Release|x86
	EndGlobalSection
	GlobalSection(ProjectConfigurationPlatforms) = postSolution
		{3D4C0D2E-9D04-4AF7-AB90-189CE0D0FB26}.Ad-Hoc|Any CPU.ActiveCfg = Release|Any CPU
		{3D4C0D2E-9D04-4AF7-AB90-189CE0D0FB26}.Ad-Hoc|Any CPU.Build.0 = Release|Any CPU
		{3D4C0D2E-9D04-4AF7-AB90-189CE0D0FB26}.Ad-Hoc|Any CPU.Deploy.0 = Release|Any CPU
		{3D4C0D2E-9D04-4AF7-AB90-189CE0D0FB26}.Ad-Hoc|ARM.ActiveCfg = Release|ARM
		{3D4C0D2E-9D04-4AF7-AB90-189CE0D0FB26}.Ad-Hoc|ARM.Build.0 = Release|ARM
		{3D4C0D2E-9D04-4AF7-AB90-189CE0D0FB26}.Ad-Hoc|ARM.Deploy.0 = Release|ARM
		{3D4C0D2E-9D04-4AF7-AB90-189CE0D0FB26}.Ad-Hoc|iPhone.ActiveCfg = Release|Any CPU
		{3D4C0D2E-9D04-4AF7-AB90-189CE0D0FB26}.Ad-Hoc|iPhoneSimulator.ActiveCfg = Release|Any CPU
		{3D4C0D2E-9D04-4AF7-AB90-189CE0D0FB26}.Ad-Hoc|Mixed Platforms.ActiveCfg = Release|x86
		{3D4C0D2E-9D04-4AF7-AB90-189CE0D0FB26}.Ad-Hoc|Mixed Platforms.Build.0 = Release|x86
		{3D4C0D2E-9D04-4AF7-AB90-189CE0D0FB26}.Ad-Hoc|Mixed Platforms.Deploy.0 = Release|x86
		{3D4C0D2E-9D04-4AF7-AB90-189CE0D0FB26}.Ad-Hoc|x86.ActiveCfg = Release|x86
		{3D4C0D2E-9D04-4AF7-AB90-189CE0D0FB26}.Ad-Hoc|x86.Build.0 = Release|x86
		{3D4C0D2E-9D04-4AF7-AB90-189CE0D0FB26}.Ad-Hoc|x86.Deploy.0 = Release|x86
		{3D4C0D2E-9D04-4AF7-AB90-189CE0D0FB26}.AppStore|Any CPU.ActiveCfg = Release|Any CPU
		{3D4C0D2E-9D04-4AF7-AB90-189CE0D0FB26}.AppStore|Any CPU.Build.0 = Release|Any CPU
		{3D4C0D2E-9D04-4AF7-AB90-189CE0D0FB26}.AppStore|Any CPU.Deploy.0 = Release|Any CPU
		{3D4C0D2E-9D04-4AF7-AB90-189CE0D0FB26}.AppStore|ARM.ActiveCfg = Release|ARM
		{3D4C0D2E-9D04-4AF7-AB90-189CE0D0FB26}.AppStore|ARM.Build.0 = Release|ARM
		{3D4C0D2E-9D04-4AF7-AB90-189CE0D0FB26}.AppStore|ARM.Deploy.0 = Release|ARM
		{3D4C0D2E-9D04-4AF7-AB90-189CE0D0FB26}.AppStore|iPhone.ActiveCfg = Release|Any CPU
		{3D4C0D2E-9D04-4AF7-AB90-189CE0D0FB26}.AppStore|iPhoneSimulator.ActiveCfg = Release|Any CPU
		{3D4C0D2E-9D04-4AF7-AB90-189CE0D0FB26}.AppStore|Mixed Platforms.ActiveCfg = Release|x86
		{3D4C0D2E-9D04-4AF7-AB90-189CE0D0FB26}.AppStore|Mixed Platforms.Build.0 = Release|x86
		{3D4C0D2E-9D04-4AF7-AB90-189CE0D0FB26}.AppStore|Mixed Platforms.Deploy.0 = Release|x86
		{3D4C0D2E-9D04-4AF7-AB90-189CE0D0FB26}.AppStore|x86.ActiveCfg = Release|x86
		{3D4C0D2E-9D04-4AF7-AB90-189CE0D0FB26}.AppStore|x86.Build.0 = Release|x86
		{3D4C0D2E-9D04-4AF7-AB90-189CE0D0FB26}.AppStore|x86.Deploy.0 = Release|x86
		{3D4C0D2E-9D04-4AF7-AB90-189CE0D0FB26}.Debug|Any CPU.ActiveCfg = Debug|Any CPU
		{3D4C0D2E-9D04-4AF7-AB90-189CE0D0FB26}.Debug|Any CPU.Build.0 = Debug|Any CPU
		{3D4C0D2E-9D04-4AF7-AB90-189CE0D0FB26}.Debug|Any CPU.Deploy.0 = Debug|Any CPU
		{3D4C0D2E-9D04-4AF7-AB90-189CE0D0FB26}.Debug|ARM.ActiveCfg = Debug|ARM
		{3D4C0D2E-9D04-4AF7-AB90-189CE0D0FB26}.Debug|ARM.Build.0 = Debug|ARM
		{3D4C0D2E-9D04-4AF7-AB90-189CE0D0FB26}.Debug|ARM.Deploy.0 = Debug|ARM
		{3D4C0D2E-9D04-4AF7-AB90-189CE0D0FB26}.Debug|iPhone.ActiveCfg = Debug|Any CPU
		{3D4C0D2E-9D04-4AF7-AB90-189CE0D0FB26}.Debug|iPhoneSimulator.ActiveCfg = Debug|Any CPU
		{3D4C0D2E-9D04-4AF7-AB90-189CE0D0FB26}.Debug|Mixed Platforms.ActiveCfg = Debug|x86
		{3D4C0D2E-9D04-4AF7-AB90-189CE0D0FB26}.Debug|Mixed Platforms.Build.0 = Debug|x86
		{3D4C0D2E-9D04-4AF7-AB90-189CE0D0FB26}.Debug|Mixed Platforms.Deploy.0 = Debug|x86
		{3D4C0D2E-9D04-4AF7-AB90-189CE0D0FB26}.Debug|x86.ActiveCfg = Debug|x86
		{3D4C0D2E-9D04-4AF7-AB90-189CE0D0FB26}.Debug|x86.Build.0 = Debug|x86
		{3D4C0D2E-9D04-4AF7-AB90-189CE0D0FB26}.Debug|x86.Deploy.0 = Debug|x86
		{3D4C0D2E-9D04-4AF7-AB90-189CE0D0FB26}.Release|Any CPU.ActiveCfg = Release|Any CPU
		{3D4C0D2E-9D04-4AF7-AB90-189CE0D0FB26}.Release|Any CPU.Build.0 = Release|Any CPU
		{3D4C0D2E-9D04-4AF7-AB90-189CE0D0FB26}.Release|Any CPU.Deploy.0 = Release|Any CPU
		{3D4C0D2E-9D04-4AF7-AB90-189CE0D0FB26}.Release|ARM.ActiveCfg = Release|ARM
		{3D4C0D2E-9D04-4AF7-AB90-189CE0D0FB26}.Release|ARM.Build.0 = Release|ARM
		{3D4C0D2E-9D04-4AF7-AB90-189CE0D0FB26}.Release|ARM.Deploy.0 = Release|ARM
		{3D4C0D2E-9D04-4AF7-AB90-189CE0D0FB26}.Release|iPhone.ActiveCfg = Release|Any CPU
		{3D4C0D2E-9D04-4AF7-AB90-189CE0D0FB26}.Release|iPhoneSimulator.ActiveCfg = Release|Any CPU
		{3D4C0D2E-9D04-4AF7-AB90-189CE0D0FB26}.Release|Mixed Platforms.ActiveCfg = Release|x86
		{3D4C0D2E-9D04-4AF7-AB90-189CE0D0FB26}.Release|Mixed Platforms.Build.0 = Release|x86
		{3D4C0D2E-9D04-4AF7-AB90-189CE0D0FB26}.Release|Mixed Platforms.Deploy.0 = Release|x86
		{3D4C0D2E-9D04-4AF7-AB90-189CE0D0FB26}.Release|x86.ActiveCfg = Release|x86
		{3D4C0D2E-9D04-4AF7-AB90-189CE0D0FB26}.Release|x86.Build.0 = Release|x86
		{3D4C0D2E-9D04-4AF7-AB90-189CE0D0FB26}.Release|x86.Deploy.0 = Release|x86
		{2035E989-18C7-45E3-BBE1-BBC5F6B74675}.Ad-Hoc|Any CPU.ActiveCfg = Release|Any CPU
		{2035E989-18C7-45E3-BBE1-BBC5F6B74675}.Ad-Hoc|Any CPU.Build.0 = Release|Any CPU
		{2035E989-18C7-45E3-BBE1-BBC5F6B74675}.Ad-Hoc|Any CPU.Deploy.0 = Release|Any CPU
		{2035E989-18C7-45E3-BBE1-BBC5F6B74675}.Ad-Hoc|ARM.ActiveCfg = Release|Any CPU
		{2035E989-18C7-45E3-BBE1-BBC5F6B74675}.Ad-Hoc|iPhone.ActiveCfg = Release|Any CPU
		{2035E989-18C7-45E3-BBE1-BBC5F6B74675}.Ad-Hoc|iPhoneSimulator.ActiveCfg = Release|Any CPU
		{2035E989-18C7-45E3-BBE1-BBC5F6B74675}.Ad-Hoc|Mixed Platforms.ActiveCfg = Release|Any CPU
		{2035E989-18C7-45E3-BBE1-BBC5F6B74675}.Ad-Hoc|Mixed Platforms.Build.0 = Release|Any CPU
		{2035E989-18C7-45E3-BBE1-BBC5F6B74675}.Ad-Hoc|Mixed Platforms.Deploy.0 = Release|Any CPU
		{2035E989-18C7-45E3-BBE1-BBC5F6B74675}.Ad-Hoc|x86.ActiveCfg = Release|Any CPU
		{2035E989-18C7-45E3-BBE1-BBC5F6B74675}.AppStore|Any CPU.ActiveCfg = Release|Any CPU
		{2035E989-18C7-45E3-BBE1-BBC5F6B74675}.AppStore|Any CPU.Build.0 = Release|Any CPU
		{2035E989-18C7-45E3-BBE1-BBC5F6B74675}.AppStore|Any CPU.Deploy.0 = Release|Any CPU
		{2035E989-18C7-45E3-BBE1-BBC5F6B74675}.AppStore|ARM.ActiveCfg = Release|Any CPU
		{2035E989-18C7-45E3-BBE1-BBC5F6B74675}.AppStore|iPhone.ActiveCfg = Release|Any CPU
		{2035E989-18C7-45E3-BBE1-BBC5F6B74675}.AppStore|iPhoneSimulator.ActiveCfg = Release|Any CPU
		{2035E989-18C7-45E3-BBE1-BBC5F6B74675}.AppStore|Mixed Platforms.ActiveCfg = Release|Any CPU
		{2035E989-18C7-45E3-BBE1-BBC5F6B74675}.AppStore|Mixed Platforms.Build.0 = Release|Any CPU
		{2035E989-18C7-45E3-BBE1-BBC5F6B74675}.AppStore|Mixed Platforms.Deploy.0 = Release|Any CPU
		{2035E989-18C7-45E3-BBE1-BBC5F6B74675}.AppStore|x86.ActiveCfg = Release|Any CPU
		{2035E989-18C7-45E3-BBE1-BBC5F6B74675}.Debug|Any CPU.ActiveCfg = Debug|Any CPU
		{2035E989-18C7-45E3-BBE1-BBC5F6B74675}.Debug|Any CPU.Build.0 = Debug|Any CPU
		{2035E989-18C7-45E3-BBE1-BBC5F6B74675}.Debug|Any CPU.Deploy.0 = Debug|Any CPU
		{2035E989-18C7-45E3-BBE1-BBC5F6B74675}.Debug|ARM.ActiveCfg = Debug|Any CPU
		{2035E989-18C7-45E3-BBE1-BBC5F6B74675}.Debug|iPhone.ActiveCfg = Debug|Any CPU
		{2035E989-18C7-45E3-BBE1-BBC5F6B74675}.Debug|iPhoneSimulator.ActiveCfg = Debug|Any CPU
		{2035E989-18C7-45E3-BBE1-BBC5F6B74675}.Debug|Mixed Platforms.ActiveCfg = Debug|Any CPU
		{2035E989-18C7-45E3-BBE1-BBC5F6B74675}.Debug|Mixed Platforms.Build.0 = Debug|Any CPU
		{2035E989-18C7-45E3-BBE1-BBC5F6B74675}.Debug|Mixed Platforms.Deploy.0 = Debug|Any CPU
		{2035E989-18C7-45E3-BBE1-BBC5F6B74675}.Debug|x86.ActiveCfg = Debug|Any CPU
		{2035E989-18C7-45E3-BBE1-BBC5F6B74675}.Release|Any CPU.ActiveCfg = Release|Any CPU
		{2035E989-18C7-45E3-BBE1-BBC5F6B74675}.Release|Any CPU.Build.0 = Release|Any CPU
		{2035E989-18C7-45E3-BBE1-BBC5F6B74675}.Release|Any CPU.Deploy.0 = Release|Any CPU
		{2035E989-18C7-45E3-BBE1-BBC5F6B74675}.Release|ARM.ActiveCfg = Release|Any CPU
		{2035E989-18C7-45E3-BBE1-BBC5F6B74675}.Release|iPhone.ActiveCfg = Release|Any CPU
		{2035E989-18C7-45E3-BBE1-BBC5F6B74675}.Release|iPhoneSimulator.ActiveCfg = Release|Any CPU
		{2035E989-18C7-45E3-BBE1-BBC5F6B74675}.Release|Mixed Platforms.ActiveCfg = Release|Any CPU
		{2035E989-18C7-45E3-BBE1-BBC5F6B74675}.Release|Mixed Platforms.Build.0 = Release|Any CPU
		{2035E989-18C7-45E3-BBE1-BBC5F6B74675}.Release|Mixed Platforms.Deploy.0 = Release|Any CPU
		{2035E989-18C7-45E3-BBE1-BBC5F6B74675}.Release|x86.ActiveCfg = Release|Any CPU
	EndGlobalSection
	GlobalSection(SolutionProperties) = preSolution
		HideSolutionNode = FALSE
	EndGlobalSection
EndGlobal
